
Microsoft Visual Studio Solution File, Format Version 12.00
# Visual Studio 14
VisualStudioVersion = 14.0.25420.1
MinimumVisualStudioVersion = 10.0.40219.1
Project("{F184B08F-C81C-45F6-A57F-5ABD9991F28F}") = "PoE_colorBlind", "PoE_colorBlind\PoE_colorBlind.vbproj", "{6EBD5DBF-6A80-4233-B446-4EFD86F30678}"
EndProject
Project("{FAE04EC0-301F-11D3-BF4B-00C04F79EFBC}") = "YatoOverlay", "YatoOverlay\YatoOverlay.csproj", "{2C0E08A5-8C78-41A2-8DC5-16B161914947}"
EndProject
Global
	GlobalSection(SolutionConfigurationPlatforms) = preSolution
		Debug|Any CPU = Debug|Any CPU
		Release|Any CPU = Release|Any CPU
	EndGlobalSection
	GlobalSection(ProjectConfigurationPlatforms) = postSolution
		{6EBD5DBF-6A80-4233-B446-4EFD86F30678}.Debug|Any CPU.ActiveCfg = Debug|Any CPU
		{6EBD5DBF-6A80-4233-B446-4EFD86F30678}.Debug|Any CPU.Build.0 = Debug|Any CPU
		{6EBD5DBF-6A80-4233-B446-4EFD86F30678}.Release|Any CPU.ActiveCfg = Release|Any CPU
		{6EBD5DBF-6A80-4233-B446-4EFD86F30678}.Release|Any CPU.Build.0 = Release|Any CPU
		{2C0E08A5-8C78-41A2-8DC5-16B161914947}.Debug|Any CPU.ActiveCfg = Debug|Any CPU
		{2C0E08A5-8C78-41A2-8DC5-16B161914947}.Debug|Any CPU.Build.0 = Debug|Any CPU
		{2C0E08A5-8C78-41A2-8DC5-16B161914947}.Release|Any CPU.ActiveCfg = Release|Any CPU
		{2C0E08A5-8C78-41A2-8DC5-16B161914947}.Release|Any CPU.Build.0 = Release|Any CPU
	EndGlobalSection
	GlobalSection(SolutionProperties) = preSolution
		HideSolutionNode = FALSE
	EndGlobalSection
EndGlobal
